install:
  cmd: python -m spacy run install
  script:
    - pip install -r requirements.txt
  deps:
    - path: requirements.txt
      md5: 581832eb99571e40d71cf9d624dc0c61
  outs: []
  spacy_version: 3.4.4
  spacy_git_version: Unknown
fetch_assets:
  cmd: python -m spacy run fetch_assets
  script:
    - bash scripts/fetch_treebanks.sh
    - bash scripts/clean_treebanks.sh
    - python3 scripts/join_treebanks.py
  deps: []
  outs: []
  spacy_version: 3.4.4
  spacy_git_version: Unknown
convert:
  cmd: python -m spacy run convert
  script:
    - 'python3 -m spacy convert assets/treebanks/joint/train.conllu corpus/ --converter
      conllu -n 10 '
    - python3 -m spacy convert assets/treebanks/joint/dev.conllu corpus/ --converter
      conllu -n 10
    - python3 -m spacy convert assets/treebanks/joint/test.conllu corpus/ --converter
      conllu -n 10
  deps: []
  outs: []
  spacy_version: 3.4.4
  spacy_git_version: Unknown
get_pretraining:
  cmd: python -m spacy run get_pretraining
  script:
    - bash scripts/fetch_pretraining.sh
    - bash scripts/clean_pretraining.sh
  deps: []
  outs: []
  spacy_version: 3.4.4
  spacy_git_version: Unknown
